
Microsoft Visual Studio Solution File, Format Version 12.00
# Visual Studio 15
VisualStudioVersion = 15.0.26124.0
MinimumVisualStudioVersion = 15.0.26124.0
Project("{FAE04EC0-301F-11D3-BF4B-00C04F79EFBC}") = "Worker", "Worker\Worker.csproj", "{D912B98E-B46D-4757-B030-245DB0339621}"
EndProject
Project("{FAE04EC0-301F-11D3-BF4B-00C04F79EFBC}") = "Connector.Spotify", "Connector.Spotify\Connector.Spotify.csproj", "{4805E9A0-6AC4-4ABB-8FDF-FD3ADECCAF6E}"
EndProject
Project("{FAE04EC0-301F-11D3-BF4B-00C04F79EFBC}") = "Domain", "Domain\Domain.csproj", "{65EA12A8-CC69-43A9-AECC-0A424C831090}"
EndProject
Project("{FAE04EC0-301F-11D3-BF4B-00C04F79EFBC}") = "Repositories", "Repositories\Repositories.csproj", "{04CDF06C-B118-46DC-8A95-29B8412682E3}"
EndProject
Project("{FAE04EC0-301F-11D3-BF4B-00C04F79EFBC}") = "Connector.Radio", "Connector.Radio\Connector.Radio.csproj", "{2C1CA7E8-2A46-4AAB-99F6-6A85F9418D0F}"
EndProject
Global
	GlobalSection(SolutionConfigurationPlatforms) = preSolution
		Debug|Any CPU = Debug|Any CPU
		Debug|x64 = Debug|x64
		Debug|x86 = Debug|x86
		Release|Any CPU = Release|Any CPU
		Release|x64 = Release|x64
		Release|x86 = Release|x86
	EndGlobalSection
	GlobalSection(SolutionProperties) = preSolution
		HideSolutionNode = FALSE
	EndGlobalSection
	GlobalSection(ProjectConfigurationPlatforms) = postSolution
		{D912B98E-B46D-4757-B030-245DB0339621}.Debug|Any CPU.ActiveCfg = Debug|Any CPU
		{D912B98E-B46D-4757-B030-245DB0339621}.Debug|Any CPU.Build.0 = Debug|Any CPU
		{D912B98E-B46D-4757-B030-245DB0339621}.Debug|x64.ActiveCfg = Debug|Any CPU
		{D912B98E-B46D-4757-B030-245DB0339621}.Debug|x64.Build.0 = Debug|Any CPU
		{D912B98E-B46D-4757-B030-245DB0339621}.Debug|x86.ActiveCfg = Debug|Any CPU
		{D912B98E-B46D-4757-B030-245DB0339621}.Debug|x86.Build.0 = Debug|Any CPU
		{D912B98E-B46D-4757-B030-245DB0339621}.Release|Any CPU.ActiveCfg = Release|Any CPU
		{D912B98E-B46D-4757-B030-245DB0339621}.Release|Any CPU.Build.0 = Release|Any CPU
		{D912B98E-B46D-4757-B030-245DB0339621}.Release|x64.ActiveCfg = Release|Any CPU
		{D912B98E-B46D-4757-B030-245DB0339621}.Release|x64.Build.0 = Release|Any CPU
		{D912B98E-B46D-4757-B030-245DB0339621}.Release|x86.ActiveCfg = Release|Any CPU
		{D912B98E-B46D-4757-B030-245DB0339621}.Release|x86.Build.0 = Release|Any CPU
		{4805E9A0-6AC4-4ABB-8FDF-FD3ADECCAF6E}.Debug|Any CPU.ActiveCfg = Debug|Any CPU
		{4805E9A0-6AC4-4ABB-8FDF-FD3ADECCAF6E}.Debug|Any CPU.Build.0 = Debug|Any CPU
		{4805E9A0-6AC4-4ABB-8FDF-FD3ADECCAF6E}.Debug|x64.ActiveCfg = Debug|Any CPU
		{4805E9A0-6AC4-4ABB-8FDF-FD3ADECCAF6E}.Debug|x64.Build.0 = Debug|Any CPU
		{4805E9A0-6AC4-4ABB-8FDF-FD3ADECCAF6E}.Debug|x86.ActiveCfg = Debug|Any CPU
		{4805E9A0-6AC4-4ABB-8FDF-FD3ADECCAF6E}.Debug|x86.Build.0 = Debug|Any CPU
		{4805E9A0-6AC4-4ABB-8FDF-FD3ADECCAF6E}.Release|Any CPU.ActiveCfg = Release|Any CPU
		{4805E9A0-6AC4-4ABB-8FDF-FD3ADECCAF6E}.Release|Any CPU.Build.0 = Release|Any CPU
		{4805E9A0-6AC4-4ABB-8FDF-FD3ADECCAF6E}.Release|x64.ActiveCfg = Release|Any CPU
		{4805E9A0-6AC4-4ABB-8FDF-FD3ADECCAF6E}.Release|x64.Build.0 = Release|Any CPU
		{4805E9A0-6AC4-4ABB-8FDF-FD3ADECCAF6E}.Release|x86.ActiveCfg = Release|Any CPU
		{4805E9A0-6AC4-4ABB-8FDF-FD3ADECCAF6E}.Release|x86.Build.0 = Release|Any CPU
		{65EA12A8-CC69-43A9-AECC-0A424C831090}.Debug|Any CPU.ActiveCfg = Debug|Any CPU
		{65EA12A8-CC69-43A9-AECC-0A424C831090}.Debug|Any CPU.Build.0 = Debug|Any CPU
		{65EA12A8-CC69-43A9-AECC-0A424C831090}.Debug|x64.ActiveCfg = Debug|Any CPU
		{65EA12A8-CC69-43A9-AECC-0A424C831090}.Debug|x64.Build.0 = Debug|Any CPU
		{65EA12A8-CC69-43A9-AECC-0A424C831090}.Debug|x86.ActiveCfg = Debug|Any CPU
		{65EA12A8-CC69-43A9-AECC-0A424C831090}.Debug|x86.Build.0 = Debug|Any CPU
		{65EA12A8-CC69-43A9-AECC-0A424C831090}.Release|Any CPU.ActiveCfg = Release|Any CPU
		{65EA12A8-CC69-43A9-AECC-0A424C831090}.Release|Any CPU.Build.0 = Release|Any CPU
		{65EA12A8-CC69-43A9-AECC-0A424C831090}.Release|x64.ActiveCfg = Release|Any CPU
		{65EA12A8-CC69-43A9-AECC-0A424C831090}.Release|x64.Build.0 = Release|Any CPU
		{65EA12A8-CC69-43A9-AECC-0A424C831090}.Release|x86.ActiveCfg = Release|Any CPU
		{65EA12A8-CC69-43A9-AECC-0A424C831090}.Release|x86.Build.0 = Release|Any CPU
		{04CDF06C-B118-46DC-8A95-29B8412682E3}.Debug|Any CPU.ActiveCfg = Debug|Any CPU
		{04CDF06C-B118-46DC-8A95-29B8412682E3}.Debug|Any CPU.Build.0 = Debug|Any CPU
		{04CDF06C-B118-46DC-8A95-29B8412682E3}.Debug|x64.ActiveCfg = Debug|Any CPU
		{04CDF06C-B118-46DC-8A95-29B8412682E3}.Debug|x64.Build.0 = Debug|Any CPU
		{04CDF06C-B118-46DC-8A95-29B8412682E3}.Debug|x86.ActiveCfg = Debug|Any CPU
		{04CDF06C-B118-46DC-8A95-29B8412682E3}.Debug|x86.Build.0 = Debug|Any CPU
		{04CDF06C-B118-46DC-8A95-29B8412682E3}.Release|Any CPU.ActiveCfg = Release|Any CPU
		{04CDF06C-B118-46DC-8A95-29B8412682E3}.Release|Any CPU.Build.0 = Release|Any CPU
		{04CDF06C-B118-46DC-8A95-29B8412682E3}.Release|x64.ActiveCfg = Release|Any CPU
		{04CDF06C-B118-46DC-8A95-29B8412682E3}.Release|x64.Build.0 = Release|Any CPU
		{04CDF06C-B118-46DC-8A95-29B8412682E3}.Release|x86.ActiveCfg = Release|Any CPU
		{04CDF06C-B118-46DC-8A95-29B8412682E3}.Release|x86.Build.0 = Release|Any CPU
		{2C1CA7E8-2A46-4AAB-99F6-6A85F9418D0F}.Debug|Any CPU.ActiveCfg = Debug|Any CPU
		{2C1CA7E8-2A46-4AAB-99F6-6A85F9418D0F}.Debug|Any CPU.Build.0 = Debug|Any CPU
		{2C1CA7E8-2A46-4AAB-99F6-6A85F9418D0F}.Debug|x64.ActiveCfg = Debug|Any CPU
		{2C1CA7E8-2A46-4AAB-99F6-6A85F9418D0F}.Debug|x64.Build.0 = Debug|Any CPU
		{2C1CA7E8-2A46-4AAB-99F6-6A85F9418D0F}.Debug|x86.ActiveCfg = Debug|Any CPU
		{2C1CA7E8-2A46-4AAB-99F6-6A85F9418D0F}.Debug|x86.Build.0 = Debug|Any CPU
		{2C1CA7E8-2A46-4AAB-99F6-6A85F9418D0F}.Release|Any CPU.ActiveCfg = Release|Any CPU
		{2C1CA7E8-2A46-4AAB-99F6-6A85F9418D0F}.Release|Any CPU.Build.0 = Release|Any CPU
		{2C1CA7E8-2A46-4AAB-99F6-6A85F9418D0F}.Release|x64.ActiveCfg = Release|Any CPU
		{2C1CA7E8-2A46-4AAB-99F6-6A85F9418D0F}.Release|x64.Build.0 = Release|Any CPU
		{2C1CA7E8-2A46-4AAB-99F6-6A85F9418D0F}.Release|x86.ActiveCfg = Release|Any CPU
		{2C1CA7E8-2A46-4AAB-99F6-6A85F9418D0F}.Release|x86.Build.0 = Release|Any CPU
	EndGlobalSection
EndGlobal
